// !$*UTF8*$!
{
	archiveVersion = 1;
	classes = {
	};
	objectVersion = 55;
	objects = {

/* Begin PBXBuildFile section */
		4700BB002819D9AA00A6FCB9 /* AppDelegate.swift in Sources */ = {isa = PBXBuildFile; fileRef = 4700BAFF2819D9AA00A6FCB9 /* AppDelegate.swift */; };
		4700BB022819D9AA00A6FCB9 /* SceneDelegate.swift in Sources */ = {isa = PBXBuildFile; fileRef = 4700BB012819D9AA00A6FCB9 /* SceneDelegate.swift */; };
		4700BB042819D9AA00A6FCB9 /* QuizViewController.swift in Sources */ = {isa = PBXBuildFile; fileRef = 4700BB032819D9AA00A6FCB9 /* QuizViewController.swift */; };
		4700BB072819D9AA00A6FCB9 /* Main.storyboard in Resources */ = {isa = PBXBuildFile; fileRef = 4700BB052819D9AA00A6FCB9 /* Main.storyboard */; };
		4700BB092819D9AA00A6FCB9 /* Assets.xcassets in Resources */ = {isa = PBXBuildFile; fileRef = 4700BB082819D9AA00A6FCB9 /* Assets.xcassets */; };
		4700BB0C2819D9AA00A6FCB9 /* LaunchScreen.storyboard in Resources */ = {isa = PBXBuildFile; fileRef = 4700BB0A2819D9AA00A6FCB9 /* LaunchScreen.storyboard */; };
		475D0A7128206F8B001BEE0F /* ScoreViewController.swift in Sources */ = {isa = PBXBuildFile; fileRef = 475D0A7028206F8B001BEE0F /* ScoreViewController.swift */; };
		47620CD8281F060900EDA436 /* Question.swift in Sources */ = {isa = PBXBuildFile; fileRef = 47620CD7281F060900EDA436 /* Question.swift */; };
		47AA6C73281DB6A600308E06 /* ViewController.swift in Sources */ = {isa = PBXBuildFile; fileRef = 47AA6C72281DB6A600308E06 /* ViewController.swift */; };
		7C9FC324892B7BAFC9FE49F3 /* Pods_SwiftQuiz.framework in Frameworks */ = {isa = PBXBuildFile; fileRef = E2FEA90DC402C3006EC93C6E /* Pods_SwiftQuiz.framework */; };
/* End PBXBuildFile section */

/* Begin PBXFileReference section */
		4700BAFC2819D9A900A6FCB9 /* SwiftQuiz.app */ = {isa = PBXFileReference; explicitFileType = wrapper.application; includeInIndex = 0; path = SwiftQuiz.app; sourceTree = BUILT_PRODUCTS_DIR; };
		4700BAFF2819D9AA00A6FCB9 /* AppDelegate.swift */ = {isa = PBXFileReference; lastKnownFileType = sourcecode.swift; path = AppDelegate.swift; sourceTree = "<group>"; };
		4700BB012819D9AA00A6FCB9 /* SceneDelegate.swift */ = {isa = PBXFileReference; lastKnownFileType = sourcecode.swift; path = SceneDelegate.swift; sourceTree = "<group>"; };
		4700BB032819D9AA00A6FCB9 /* QuizViewController.swift */ = {isa = PBXFileReference; lastKnownFileType = sourcecode.swift; path = QuizViewController.swift; sourceTree = "<group>"; };
		4700BB062819D9AA00A6FCB9 /* Base */ = {isa = PBXFileReference; lastKnownFileType = file.storyboard; name = Base; path = Base.lproj/Main.storyboard; sourceTree = "<group>"; };
		4700BB082819D9AA00A6FCB9 /* Assets.xcassets */ = {isa = PBXFileReference; lastKnownFileType = folder.assetcatalog; path = Assets.xcassets; sourceTree = "<group>"; };
		4700BB0B2819D9AA00A6FCB9 /* Base */ = {isa = PBXFileReference; lastKnownFileType = file.storyboard; name = Base; path = Base.lproj/LaunchScreen.storyboard; sourceTree = "<group>"; };
		4700BB0D2819D9AA00A6FCB9 /* Info.plist */ = {isa = PBXFileReference; lastKnownFileType = text.plist.xml; path = Info.plist; sourceTree = "<group>"; };
		475D0A7028206F8B001BEE0F /* ScoreViewController.swift */ = {isa = PBXFileReference; lastKnownFileType = sourcecode.swift; path = ScoreViewController.swift; sourceTree = "<group>"; };
		47620CD7281F060900EDA436 /* Question.swift */ = {isa = PBXFileReference; lastKnownFileType = sourcecode.swift; path = Question.swift; sourceTree = "<group>"; };
		47AA6C72281DB6A600308E06 /* ViewController.swift */ = {isa = PBXFileReference; lastKnownFileType = sourcecode.swift; path = ViewController.swift; sourceTree = "<group>"; };
		6D37D05A370DF736D73583EA /* Pods-SwiftQuiz.release.xcconfig */ = {isa = PBXFileReference; includeInIndex = 1; lastKnownFileType = text.xcconfig; name = "Pods-SwiftQuiz.release.xcconfig"; path = "Target Support Files/Pods-SwiftQuiz/Pods-SwiftQuiz.release.xcconfig"; sourceTree = "<group>"; };
		7D1C43F615B8F6F3A16DB50A /* Pods-SwiftQuiz.debug.xcconfig */ = {isa = PBXFileReference; includeInIndex = 1; lastKnownFileType = text.xcconfig; name = "Pods-SwiftQuiz.debug.xcconfig"; path = "Target Support Files/Pods-SwiftQuiz/Pods-SwiftQuiz.debug.xcconfig"; sourceTree = "<group>"; };
		E2FEA90DC402C3006EC93C6E /* Pods_SwiftQuiz.framework */ = {isa = PBXFileReference; explicitFileType = wrapper.framework; includeInIndex = 0; path = Pods_SwiftQuiz.framework; sourceTree = BUILT_PRODUCTS_DIR; };
/* End PBXFileReference section */

/* Begin PBXFrameworksBuildPhase section */
		4700BAF92819D9A900A6FCB9 /* Frameworks */ = {
			isa = PBXFrameworksBuildPhase;
			buildActionMask = 2147483647;
			files = (
				7C9FC324892B7BAFC9FE49F3 /* Pods_SwiftQuiz.framework in Frameworks */,
			);
			runOnlyForDeploymentPostprocessing = 0;
		};
/* End PBXFrameworksBuildPhase section */

/* Begin PBXGroup section */
		2E5888ECAB90A9D752FB5201 /* Pods */ = {
			isa = PBXGroup;
			children = (
				7D1C43F615B8F6F3A16DB50A /* Pods-SwiftQuiz.debug.xcconfig */,
				6D37D05A370DF736D73583EA /* Pods-SwiftQuiz.release.xcconfig */,
			);
			path = Pods;
			sourceTree = "<group>";
		};
		4700BAF32819D9A900A6FCB9 = {
			isa = PBXGroup;
			children = (
				4700BAFE2819D9AA00A6FCB9 /* SwiftQuiz */,
				4700BAFD2819D9A900A6FCB9 /* Products */,
				2E5888ECAB90A9D752FB5201 /* Pods */,
				F11784E84A3D7E9C9FBA6E43 /* Frameworks */,
			);
			sourceTree = "<group>";
		};
		4700BAFD2819D9A900A6FCB9 /* Products */ = {
			isa = PBXGroup;
			children = (
				4700BAFC2819D9A900A6FCB9 /* SwiftQuiz.app */,
			);
			name = Products;
			sourceTree = "<group>";
		};
		4700BAFE2819D9AA00A6FCB9 /* SwiftQuiz */ = {
			isa = PBXGroup;
			children = (
				47AA6C71281DB64200308E06 /* Controller */,
				4700BAFF2819D9AA00A6FCB9 /* AppDelegate.swift */,
				4700BB012819D9AA00A6FCB9 /* SceneDelegate.swift */,
				4700BB052819D9AA00A6FCB9 /* Main.storyboard */,
				4700BB082819D9AA00A6FCB9 /* Assets.xcassets */,
				4700BB0A2819D9AA00A6FCB9 /* LaunchScreen.storyboard */,
				4700BB0D2819D9AA00A6FCB9 /* Info.plist */,
			);
			path = SwiftQuiz;
			sourceTree = "<group>";
		};
		47AA6C71281DB64200308E06 /* Controller */ = {
			isa = PBXGroup;
			children = (
				47620CD7281F060900EDA436 /* Question.swift */,
				47AA6C72281DB6A600308E06 /* ViewController.swift */,
				4700BB032819D9AA00A6FCB9 /* QuizViewController.swift */,
				475D0A7028206F8B001BEE0F /* ScoreViewController.swift */,
			);
			path = Controller;
			sourceTree = "<group>";
		};
		F11784E84A3D7E9C9FBA6E43 /* Frameworks */ = {
			isa = PBXGroup;
			children = (
				E2FEA90DC402C3006EC93C6E /* Pods_SwiftQuiz.framework */,
			);
			name = Frameworks;
			sourceTree = "<group>";
		};
/* End PBXGroup section */

/* Begin PBXNativeTarget section */
		4700BAFB2819D9A900A6FCB9 /* SwiftQuiz */ = {
			isa = PBXNativeTarget;
			buildConfigurationList = 4700BB102819D9AA00A6FCB9 /* Build configuration list for PBXNativeTarget "SwiftQuiz" */;
			buildPhases = (
				546870EA4817E9EACD029779 /* [CP] Check Pods Manifest.lock */,
				4700BAF82819D9A900A6FCB9 /* Sources */,
				4700BAF92819D9A900A6FCB9 /* Frameworks */,
				4700BAFA2819D9A900A6FCB9 /* Resources */,
				78BC74AE1A2FD98240168114 /* [CP] Embed Pods Frameworks */,
			);
			buildRules = (
			);
			dependencies = (
			);
			name = SwiftQuiz;
			productName = SwiftQuiz;
			productReference = 4700BAFC2819D9A900A6FCB9 /* SwiftQuiz.app */;
			productType = "com.apple.product-type.application";
		};
/* End PBXNativeTarget section */

/* Begin PBXProject section */
		4700BAF42819D9A900A6FCB9 /* Project object */ = {
			isa = PBXProject;
			attributes = {
				BuildIndependentTargetsInParallel = 1;
				LastSwiftUpdateCheck = 1330;
				LastUpgradeCheck = 1330;
				TargetAttributes = {
					4700BAFB2819D9A900A6FCB9 = {
						CreatedOnToolsVersion = 13.3.1;
					};
				};
			};
			buildConfigurationList = 4700BAF72819D9A900A6FCB9 /* Build configuration list for PBXProject "SwiftQuiz" */;
			compatibilityVersion = "Xcode 13.0";
			developmentRegion = en;
			hasScannedForEncodings = 0;
			knownRegions = (
				en,
				Base,
			);
			mainGroup = 4700BAF32819D9A900A6FCB9;
			productRefGroup = 4700BAFD2819D9A900A6FCB9 /* Products */;
			projectDirPath = "";
			projectRoot = "";
			targets = (
				4700BAFB2819D9A900A6FCB9 /* SwiftQuiz */,
			);
		};
/* End PBXProject section */

/* Begin PBXResourcesBuildPhase section */
		4700BAFA2819D9A900A6FCB9 /* Resources */ = {
			isa = PBXResourcesBuildPhase;
			buildActionMask = 2147483647;
			files = (
				4700BB0C2819D9AA00A6FCB9 /* LaunchScreen.storyboard in Resources */,
				4700BB092819D9AA00A6FCB9 /* Assets.xcassets in Resources */,
				4700BB072819D9AA00A6FCB9 /* Main.storyboard in Resources */,
			);
			runOnlyForDeploymentPostprocessing = 0;
		};
/* End PBXResourcesBuildPhase section */

/* Begin PBXShellScriptBuildPhase section */
		546870EA4817E9EACD029779 /* [CP] Check Pods Manifest.lock */ = {
			isa = PBXShellScriptBuildPhase;
			buildActionMask = 2147483647;
			files = (
			);
			inputFileListPaths = (
			);
			inputPaths = (
				"${PODS_PODFILE_DIR_PATH}/Podfile.lock",
				"${PODS_ROOT}/Manifest.lock",
			);
			name = "[CP] Check Pods Manifest.lock";
			outputFileListPaths = (
			);
			outputPaths = (
				"$(DERIVED_FILE_DIR)/Pods-SwiftQuiz-checkManifestLockResult.txt",
			);
			runOnlyForDeploymentPostprocessing = 0;
			shellPath = /bin/sh;
			shellScript = "diff \"${PODS_PODFILE_DIR_PATH}/Podfile.lock\" \"${PODS_ROOT}/Manifest.lock\" > /dev/null\nif [ $? != 0 ] ; then\n    # print error to STDERR\n    echo \"error: The sandbox is not in sync with the Podfile.lock. Run 'pod install' or update your CocoaPods installation.\" >&2\n    exit 1\nfi\n# This output is used by Xcode 'outputs' to avoid re-running this script phase.\necho \"SUCCESS\" > \"${SCRIPT_OUTPUT_FILE_0}\"\n";
			showEnvVarsInLog = 0;
		};
		78BC74AE1A2FD98240168114 /* [CP] Embed Pods Frameworks */ = {
			isa = PBXShellScriptBuildPhase;
			buildActionMask = 2147483647;
			files = (
			);
			inputFileListPaths = (
				"${PODS_ROOT}/Target Support Files/Pods-SwiftQuiz/Pods-SwiftQuiz-frameworks-${CONFIGURATION}-input-files.xcfilelist",
			);
			name = "[CP] Embed Pods Frameworks";
			outputFileListPaths = (
				"${PODS_ROOT}/Target Support Files/Pods-SwiftQuiz/Pods-SwiftQuiz-frameworks-${CONFIGURATION}-output-files.xcfilelist",
			);
			runOnlyForDeploymentPostprocessing = 0;
			shellPath = /bin/sh;
			shellScript = "\"${PODS_ROOT}/Target Support Files/Pods-SwiftQuiz/Pods-SwiftQuiz-frameworks.sh\"\n";
			showEnvVarsInLog = 0;
		};
/* End PBXShellScriptBuildPhase section */

/* Begin PBXSourcesBuildPhase section */
		4700BAF82819D9A900A6FCB9 /* Sources */ = {
			isa = PBXSourcesBuildPhase;
			buildActionMask = 2147483647;
			files = (
				4700BB042819D9AA00A6FCB9 /* QuizViewController.swift in Sources */,
				4700BB002819D9AA00A6FCB9 /* AppDelegate.swift in Sources */,
				47AA6C73281DB6A600308E06 /* ViewController.swift in Sources */,
				47620CD8281F060900EDA436 /* Question.swift in Sources */,
				4700BB022819D9AA00A6FCB9 /* SceneDelegate.swift in Sources */,
				475D0A7128206F8B001BEE0F /* ScoreViewController.swift in Sources */,
			);
			runOnlyForDeploymentPostprocessing = 0;
		};
/* End PBXSourcesBuildPhase section */

/* Begin PBXVariantGroup section */
		4700BB052819D9AA00A6FCB9 /* Main.storyboard */ = {
			isa = PBXVariantGroup;
			children = (
				4700BB062819D9AA00A6FCB9 /* Base */,
			);
			name = Main.storyboard;
			sourceTree = "<group>";
		};
		4700BB0A2819D9AA00A6FCB9 /* LaunchScreen.storyboard */ = {
			isa = PBXVariantGroup;
			children = (
				4700BB0B2819D9AA00A6FCB9 /* Base */,
			);
			name = LaunchScreen.storyboard;
			sourceTree = "<group>";
		};
/* End PBXVariantGroup section */

/* Begin XCBuildConfiguration section */
		4700BB0E2819D9AA00A6FCB9 /* Debug */ = {
			isa = XCBuildConfiguration;
			buildSettings = {
				ALWAYS_SEARCH_USER_PATHS = NO;
				CLANG_ANALYZER_NONNULL = YES;
				CLANG_ANALYZER_NUMBER_OBJECT_CONVERSION = YES_AGGRESSIVE;
				CLANG_CXX_LANGUAGE_STANDARD = "gnu++17";
				CLANG_ENABLE_MODULES = YES;
				CLANG_ENABLE_OBJC_ARC = YES;
				CLANG_ENABLE_OBJC_WEAK = YES;
				CLANG_WARN_BLOCK_CAPTURE_AUTORELEASING = YES;
				CLANG_WARN_BOOL_CONVERSION = YES;
				CLANG_WARN_COMMA = YES;
				CLANG_WARN_CONSTANT_CONVERSION = YES;
				CLANG_WARN_DEPRECATED_OBJC_IMPLEMENTATIONS = YES;
				CLANG_WARN_DIRECT_OBJC_ISA_USAGE = YES_ERROR;
				CLANG_WARN_DOCUMENTATION_COMMENTS = YES;
				CLANG_WARN_EMPTY_BODY = YES;
				CLANG_WARN_ENUM_CONVERSION = YES;
				CLANG_WARN_INFINITE_RECURSION = YES;
				CLANG_WARN_INT_CONVERSION = YES;
				CLANG_WARN_NON_LITERAL_NULL_CONVERSION = YES;
				CLANG_WARN_OBJC_IMPLICIT_RETAIN_SELF = YES;
				CLANG_WARN_OBJC_LITERAL_CONVERSION = YES;
				CLANG_WARN_OBJC_ROOT_CLASS = YES_ERROR;
				CLANG_WARN_QUOTED_INCLUDE_IN_FRAMEWORK_HEADER = YES;
				CLANG_WARN_RANGE_LOOP_ANALYSIS = YES;
				CLANG_WARN_STRICT_PROTOTYPES = YES;
				CLANG_WARN_SUSPICIOUS_MOVE = YES;
				CLANG_WARN_UNGUARDED_AVAILABILITY = YES_AGGRESSIVE;
				CLANG_WARN_UNREACHABLE_CODE = YES;
				CLANG_WARN__DUPLICATE_METHOD_MATCH = YES;
				COPY_PHASE_STRIP = NO;
				DEBUG_INFORMATION_FORMAT = dwarf;
				ENABLE_STRICT_OBJC_MSGSEND = YES;
				ENABLE_TESTABILITY = YES;
				GCC_C_LANGUAGE_STANDARD = gnu11;
				GCC_DYNAMIC_NO_PIC = NO;
				GCC_NO_COMMON_BLOCKS = YES;
				GCC_OPTIMIZATION_LEVEL = 0;
				GCC_PREPROCESSOR_DEFINITIONS = (
					"DEBUG=1",
					"$(inherited)",
				);
				GCC_WARN_64_TO_32_BIT_CONVERSION = YES;
				GCC_WARN_ABOUT_RETURN_TYPE = YES_ERROR;
				GCC_WARN_UNDECLARED_SELECTOR = YES;
				GCC_WARN_UNINITIALIZED_AUTOS = YES_AGGRESSIVE;
				GCC_WARN_UNUSED_FUNCTION = YES;
				GCC_WARN_UNUSED_VARIABLE = YES;
				IPHONEOS_DEPLOYMENT_TARGET = 15.4;
				MTL_ENABLE_DEBUG_INFO = INCLUDE_SOURCE;
				MTL_FAST_MATH = YES;
				ONLY_ACTIVE_ARCH = YES;
				SDKROOT = iphoneos;
				SWIFT_ACTIVE_COMPILATION_CONDITIONS = DEBUG;
				SWIFT_OPTIMIZATION_LEVEL = "-Onone";
			};
			name = Debug;
		};
		4700BB0F2819D9AA00A6FCB9 /* Release */ = {
			isa = XCBuildConfiguration;
			buildSettings = {
				ALWAYS_SEARCH_USER_PATHS = NO;
				CLANG_ANALYZER_NONNULL = YES;
				CLANG_ANALYZER_NUMBER_OBJECT_CONVERSION = YES_AGGRESSIVE;
				CLANG_CXX_LANGUAGE_STANDARD = "gnu++17";
				CLANG_ENABLE_MODULES = YES;
				CLANG_ENABLE_OBJC_ARC = YES;
				CLANG_ENABLE_OBJC_WEAK = YES;
				CLANG_WARN_BLOCK_CAPTURE_AUTORELEASING = YES;
				CLANG_WARN_BOOL_CONVERSION = YES;
				CLANG_WARN_COMMA = YES;
				CLANG_WARN_CONSTANT_CONVERSION = YES;
				CLANG_WARN_DEPRECATED_OBJC_IMPLEMENTATIONS = YES;
				CLANG_WARN_DIRECT_OBJC_ISA_USAGE = YES_ERROR;
				CLANG_WARN_DOCUMENTATION_COMMENTS = YES;
				CLANG_WARN_EMPTY_BODY = YES;
				CLANG_WARN_ENUM_CONVERSION = YES;
				CLANG_WARN_INFINITE_RECURSION = YES;
				CLANG_WARN_INT_CONVERSION = YES;
				CLANG_WARN_NON_LITERAL_NULL_CONVERSION = YES;
				CLANG_WARN_OBJC_IMPLICIT_RETAIN_SELF = YES;
				CLANG_WARN_OBJC_LITERAL_CONVERSION = YES;
				CLANG_WARN_OBJC_ROOT_CLASS = YES_ERROR;
				CLANG_WARN_QUOTED_INCLUDE_IN_FRAMEWORK_HEADER = YES;
				CLANG_WARN_RANGE_LOOP_ANALYSIS = YES;
				CLANG_WARN_STRICT_PROTOTYPES = YES;
				CLANG_WARN_SUSPICIOUS_MOVE = YES;
				CLANG_WARN_UNGUARDED_AVAILABILITY = YES_AGGRESSIVE;
				CLANG_WARN_UNREACHABLE_CODE = YES;
				CLANG_WARN__DUPLICATE_METHOD_MATCH = YES;
				COPY_PHASE_STRIP = NO;
				DEBUG_INFORMATION_FORMAT = "dwarf-with-dsym";
				ENABLE_NS_ASSERTIONS = NO;
				ENABLE_STRICT_OBJC_MSGSEND = YES;
				GCC_C_LANGUAGE_STANDARD = gnu11;
				GCC_NO_COMMON_BLOCKS = YES;
				GCC_WARN_64_TO_32_BIT_CONVERSION = YES;
				GCC_WARN_ABOUT_RETURN_TYPE = YES_ERROR;
				GCC_WARN_UNDECLARED_SELECTOR = YES;
				GCC_WARN_UNINITIALIZED_AUTOS = YES_AGGRESSIVE;
				GCC_WARN_UNUSED_FUNCTION = YES;
				GCC_WARN_UNUSED_VARIABLE = YES;
				IPHONEOS_DEPLOYMENT_TARGET = 15.4;
				MTL_ENABLE_DEBUG_INFO = NO;
				MTL_FAST_MATH = YES;
				SDKROOT = iphoneos;
				SWIFT_COMPILATION_MODE = wholemodule;
				SWIFT_OPTIMIZATION_LEVEL = "-O";
				VALIDATE_PRODUCT = YES;
			};
			name = Release;
		};
		4700BB112819D9AA00A6FCB9 /* Debug */ = {
			isa = XCBuildConfiguration;
			baseConfigurationReference = 7D1C43F615B8F6F3A16DB50A /* Pods-SwiftQuiz.debug.xcconfig */;
			buildSettings = {
				ASSETCATALOG_COMPILER_APPICON_NAME = AppIcon;
				ASSETCATALOG_COMPILER_GLOBAL_ACCENT_COLOR_NAME = AccentColor;
				CODE_SIGN_ENTITLEMENTS = SwiftQuiz/SwiftQuiz.entitlements;
				CODE_SIGN_STYLE = Automatic;
				CURRENT_PROJECT_VERSION = 1;
				DEVELOPMENT_TEAM = ZNR2D834QB;
				GENERATE_INFOPLIST_FILE = YES;
				INFOPLIST_FILE = SwiftQuiz/Info.plist;
				INFOPLIST_KEY_CFBundleDisplayName = "Swift Quiz";
				INFOPLIST_KEY_UIApplicationSupportsIndirectInputEvents = YES;
				INFOPLIST_KEY_UILaunchStoryboardName = LaunchScreen;
				INFOPLIST_KEY_UIMainStoryboardFile = Main;
				INFOPLIST_KEY_UISupportedInterfaceOrientations = UIInterfaceOrientationPortrait;
				INFOPLIST_KEY_UISupportedInterfaceOrientations_iPad = "UIInterfaceOrientationPortrait UIInterfaceOrientationPortraitUpsideDown UIInterfaceOrientationLandscapeLeft UIInterfaceOrientationLandscapeRight";
				INFOPLIST_KEY_UISupportedInterfaceOrientations_iPhone = "UIInterfaceOrientationPortrait UIInterfaceOrientationLandscapeLeft UIInterfaceOrientationLandscapeRight";
				LD_RUNPATH_SEARCH_PATHS = (
					"$(inherited)",
					"@executable_path/Frameworks",
				);
				MARKETING_VERSION = 1.0;
				PRODUCT_BUNDLE_IDENTIFIER = almor.SwiftQuiz;
				PRODUCT_NAME = "$(TARGET_NAME)";
				SUPPORTS_MACCATALYST = NO;
				SWIFT_EMIT_LOC_STRINGS = YES;
				SWIFT_VERSION = 5.0;
				TARGETED_DEVICE_FAMILY = "1,2";
			};
			name = Debug;
		};
		4700BB122819D9AA00A6FCB9 /* Release */ = {
			isa = XCBuildConfiguration;
			baseConfigurationReference = 6D37D05A370DF736D73583EA /* Pods-SwiftQuiz.release.xcconfig */;
			buildSettings = {
				ASSETCATALOG_COMPILER_APPICON_NAME = AppIcon;
				ASSETCATALOG_COMPILER_GLOBAL_ACCENT_COLOR_NAME = AccentColor;
				CODE_SIGN_ENTITLEMENTS = SwiftQuiz/SwiftQuiz.entitlements;
				CODE_SIGN_STYLE = Automatic;
				CURRENT_PROJECT_VERSION = 1;
				DEVELOPMENT_TEAM = ZNR2D834QB;
				GENERATE_INFOPLIST_FILE = YES;
				INFOPLIST_FILE = SwiftQuiz/Info.plist;
				INFOPLIST_KEY_CFBundleDisplayName = "Swift Quiz";
				INFOPLIST_KEY_UIApplicationSupportsIndirectInputEvents = YES;
				INFOPLIST_KEY_UILaunchStoryboardName = LaunchScreen;
				INFOPLIST_KEY_UIMainStoryboardFile = Main;
				INFOPLIST_KEY_UISupportedInterfaceOrientations = UIInterfaceOrientationPortrait;
				INFOPLIST_KEY_UISupportedInterfaceOrientations_iPad = "UIInterfaceOrientationPortrait UIInterfaceOrientationPortraitUpsideDown UIInterfaceOrientationLandscapeLeft UIInterfaceOrientationLandscapeRight";
				INFOPLIST_KEY_UISupportedInterfaceOrientations_iPhone = "UIInterfaceOrientationPortrait UIInterfaceOrientationLandscapeLeft UIInterfaceOrientationLandscapeRight";
				LD_RUNPATH_SEARCH_PATHS = (
					"$(inherited)",
					"@executable_path/Frameworks",
				);
				MARKETING_VERSION = 1.0;
				PRODUCT_BUNDLE_IDENTIFIER = almor.SwiftQuiz;
				PRODUCT_NAME = "$(TARGET_NAME)";
				SUPPORTS_MACCATALYST = NO;
				SWIFT_EMIT_LOC_STRINGS = YES;
				SWIFT_VERSION = 5.0;
				TARGETED_DEVICE_FAMILY = "1,2";
			};
			name = Release;
		};
/* End XCBuildConfiguration section */

/* Begin XCConfigurationList section */
		4700BAF72819D9A900A6FCB9 /* Build configuration list for PBXProject "SwiftQuiz" */ = {
			isa = XCConfigurationList;
			buildConfigurations = (
				4700BB0E2819D9AA00A6FCB9 /* Debug */,
				4700BB0F2819D9AA00A6FCB9 /* Release */,
			);
			defaultConfigurationIsVisible = 0;
			defaultConfigurationName = Release;
		};
		4700BB102819D9AA00A6FCB9 /* Build configuration list for PBXNativeTarget "SwiftQuiz" */ = {
			isa = XCConfigurationList;
			buildConfigurations = (
				4700BB112819D9AA00A6FCB9 /* Debug */,
				4700BB122819D9AA00A6FCB9 /* Release */,
			);
			defaultConfigurationIsVisible = 0;
			defaultConfigurationName = Release;
		};
/* End XCConfigurationList section */
	};
	rootObject = 4700BAF42819D9A900A6FCB9 /* Project object */;
}
